// !$*UTF8*$!
{
	archiveVersion = 1;
	classes = {
	};
	objectVersion = 46;
	objects = {

/* Begin PBXBuildFile section */
		1FF58D941A17175A00FD13AC /* main.m in Sources */ = {isa = PBXBuildFile; fileRef = 1FF58D931A17175A00FD13AC /* main.m */; };
		1FF58D971A17175B00FD13AC /* AppDelegate.m in Sources */ = {isa = PBXBuildFile; fileRef = 1FF58D961A17175B00FD13AC /* AppDelegate.m */; };
		1FF58D9A1A17175B00FD13AC /* FirstViewController.m in Sources */ = {isa = PBXBuildFile; fileRef = 1FF58D991A17175B00FD13AC /* FirstViewController.m */; };
		1FF58D9D1A17175B00FD13AC /* SecondViewController.m in Sources */ = {isa = PBXBuildFile; fileRef = 1FF58D9C1A17175B00FD13AC /* SecondViewController.m */; };
		1FF58DA01A17175B00FD13AC /* Main.storyboard in Resources */ = {isa = PBXBuildFile; fileRef = 1FF58D9E1A17175B00FD13AC /* Main.storyboard */; };
		1FF58DA21A17175B00FD13AC /* Images.xcassets in Resources */ = {isa = PBXBuildFile; fileRef = 1FF58DA11A17175B00FD13AC /* Images.xcassets */; };
		1FF58DA51A17175B00FD13AC /* LaunchScreen.xib in Resources */ = {isa = PBXBuildFile; fileRef = 1FF58DA31A17175B00FD13AC /* LaunchScreen.xib */; };
		1FF58DB11A17175B00FD13AC /* PatientXTests.m in Sources */ = {isa = PBXBuildFile; fileRef = 1FF58DB01A17175B00FD13AC /* PatientXTests.m */; };
		1FF58DBC1A171AF700FD13AC /* ThirdViewController.m in Sources */ = {isa = PBXBuildFile; fileRef = 1FF58DBB1A171AF600FD13AC /* ThirdViewController.m */; };
/* End PBXBuildFile section */

/* Begin PBXContainerItemProxy section */
		1FF58DAB1A17175B00FD13AC /* PBXContainerItemProxy */ = {
			isa = PBXContainerItemProxy;
			containerPortal = 1FF58D861A17175A00FD13AC /* Project object */;
			proxyType = 1;
			remoteGlobalIDString = 1FF58D8D1A17175A00FD13AC;
			remoteInfo = PatientX;
		};
/* End PBXContainerItemProxy section */

/* Begin PBXFileReference section */
		1FF58D8E1A17175A00FD13AC /* PatientX.app */ = {isa = PBXFileReference; explicitFileType = wrapper.application; includeInIndex = 0; path = PatientX.app; sourceTree = BUILT_PRODUCTS_DIR; };
		1FF58D921A17175A00FD13AC /* Info.plist */ = {isa = PBXFileReference; lastKnownFileType = text.plist.xml; path = Info.plist; sourceTree = "<group>"; };
		1FF58D931A17175A00FD13AC /* main.m */ = {isa = PBXFileReference; lastKnownFileType = sourcecode.c.objc; path = main.m; sourceTree = "<group>"; };
		1FF58D951A17175A00FD13AC /* AppDelegate.h */ = {isa = PBXFileReference; lastKnownFileType = sourcecode.c.h; path = AppDelegate.h; sourceTree = "<group>"; };
		1FF58D961A17175B00FD13AC /* AppDelegate.m */ = {isa = PBXFileReference; lastKnownFileType = sourcecode.c.objc; path = AppDelegate.m; sourceTree = "<group>"; };
		1FF58D981A17175B00FD13AC /* FirstViewController.h */ = {isa = PBXFileReference; lastKnownFileType = sourcecode.c.h; path = FirstViewController.h; sourceTree = "<group>"; };
		1FF58D991A17175B00FD13AC /* FirstViewController.m */ = {isa = PBXFileReference; lastKnownFileType = sourcecode.c.objc; path = FirstViewController.m; sourceTree = "<group>"; };
		1FF58D9B1A17175B00FD13AC /* SecondViewController.h */ = {isa = PBXFileReference; lastKnownFileType = sourcecode.c.h; path = SecondViewController.h; sourceTree = "<group>"; };
		1FF58D9C1A17175B00FD13AC /* SecondViewController.m */ = {isa = PBXFileReference; lastKnownFileType = sourcecode.c.objc; path = SecondViewController.m; sourceTree = "<group>"; };
		1FF58D9F1A17175B00FD13AC /* Base */ = {isa = PBXFileReference; lastKnownFileType = file.storyboard; name = Base; path = Base.lproj/Main.storyboard; sourceTree = "<group>"; };
		1FF58DA11A17175B00FD13AC /* Images.xcassets */ = {isa = PBXFileReference; lastKnownFileType = folder.assetcatalog; path = Images.xcassets; sourceTree = "<group>"; };
		1FF58DA41A17175B00FD13AC /* Base */ = {isa = PBXFileReference; lastKnownFileType = file.xib; name = Base; path = Base.lproj/LaunchScreen.xib; sourceTree = "<group>"; };
		1FF58DAA1A17175B00FD13AC /* PatientXTests.xctest */ = {isa = PBXFileReference; explicitFileType = wrapper.cfbundle; includeInIndex = 0; path = PatientXTests.xctest; sourceTree = BUILT_PRODUCTS_DIR; };
		1FF58DAF1A17175B00FD13AC /* Info.plist */ = {isa = PBXFileReference; lastKnownFileType = text.plist.xml; path = Info.plist; sourceTree = "<group>"; };
		1FF58DB01A17175B00FD13AC /* PatientXTests.m */ = {isa = PBXFileReference; lastKnownFileType = sourcecode.c.objc; path = PatientXTests.m; sourceTree = "<group>"; };
		1FF58DBA1A171AF500FD13AC /* ThirdViewController.h */ = {isa = PBXFileReference; fileEncoding = 4; lastKnownFileType = sourcecode.c.h; path = ThirdViewController.h; sourceTree = "<group>"; };
		1FF58DBB1A171AF600FD13AC /* ThirdViewController.m */ = {isa = PBXFileReference; fileEncoding = 4; lastKnownFileType = sourcecode.c.objc; path = ThirdViewController.m; sourceTree = "<group>"; };
/* End PBXFileReference section */

/* Begin PBXFrameworksBuildPhase section */
		1FF58D8B1A17175A00FD13AC /* Frameworks */ = {
			isa = PBXFrameworksBuildPhase;
			buildActionMask = 2147483647;
			files = (
			);
			runOnlyForDeploymentPostprocessing = 0;
		};
		1FF58DA71A17175B00FD13AC /* Frameworks */ = {
			isa = PBXFrameworksBuildPhase;
			buildActionMask = 2147483647;
			files = (
			);
			runOnlyForDeploymentPostprocessing = 0;
		};
/* End PBXFrameworksBuildPhase section */

/* Begin PBXGroup section */
		1FF58D851A17175A00FD13AC = {
			isa = PBXGroup;
			children = (
				1FF58D901A17175A00FD13AC /* PatientX */,
				1FF58DAD1A17175B00FD13AC /* PatientXTests */,
				1FF58D8F1A17175A00FD13AC /* Products */,
			);
			sourceTree = "<group>";
		};
		1FF58D8F1A17175A00FD13AC /* Products */ = {
			isa = PBXGroup;
			children = (
				1FF58D8E1A17175A00FD13AC /* PatientX.app */,
				1FF58DAA1A17175B00FD13AC /* PatientXTests.xctest */,
			);
			name = Products;
			sourceTree = "<group>";
		};
		1FF58D901A17175A00FD13AC /* PatientX */ = {
			isa = PBXGroup;
			children = (
				1FF58D951A17175A00FD13AC /* AppDelegate.h */,
				1FF58D961A17175B00FD13AC /* AppDelegate.m */,
				1FF58D981A17175B00FD13AC /* FirstViewController.h */,
				1FF58D991A17175B00FD13AC /* FirstViewController.m */,
				1FF58D9B1A17175B00FD13AC /* SecondViewController.h */,
				1FF58D9C1A17175B00FD13AC /* SecondViewController.m */,
				1FF58DBA1A171AF500FD13AC /* ThirdViewController.h */,
				1FF58DBB1A171AF600FD13AC /* ThirdViewController.m */,
				1FF58D9E1A17175B00FD13AC /* Main.storyboard */,
				1FF58DA11A17175B00FD13AC /* Images.xcassets */,
				1FF58DA31A17175B00FD13AC /* LaunchScreen.xib */,
				1FF58D911A17175A00FD13AC /* Supporting Files */,
			);
			path = PatientX;
			sourceTree = "<group>";
		};
		1FF58D911A17175A00FD13AC /* Supporting Files */ = {
			isa = PBXGroup;
			children = (
				1FF58D921A17175A00FD13AC /* Info.plist */,
				1FF58D931A17175A00FD13AC /* main.m */,
			);
			name = "Supporting Files";
			sourceTree = "<group>";
		};
		1FF58DAD1A17175B00FD13AC /* PatientXTests */ = {
			isa = PBXGroup;
			children = (
				1FF58DB01A17175B00FD13AC /* PatientXTests.m */,
				1FF58DAE1A17175B00FD13AC /* Supporting Files */,
			);
			path = PatientXTests;
			sourceTree = "<group>";
		};
		1FF58DAE1A17175B00FD13AC /* Supporting Files */ = {
			isa = PBXGroup;
			children = (
				1FF58DAF1A17175B00FD13AC /* Info.plist */,
			);
			name = "Supporting Files";
			sourceTree = "<group>";
		};
/* End PBXGroup section */

/* Begin PBXNativeTarget section */
		1FF58D8D1A17175A00FD13AC /* PatientX */ = {
			isa = PBXNativeTarget;
			buildConfigurationList = 1FF58DB41A17175B00FD13AC /* Build configuration list for PBXNativeTarget "PatientX" */;
			buildPhases = (
				1FF58D8A1A17175A00FD13AC /* Sources */,
				1FF58D8B1A17175A00FD13AC /* Frameworks */,
				1FF58D8C1A17175A00FD13AC /* Resources */,
			);
			buildRules = (
			);
			dependencies = (
			);
			name = PatientX;
			productName = PatientX;
			productReference = 1FF58D8E1A17175A00FD13AC /* PatientX.app */;
			productType = "com.apple.product-type.application";
		};
		1FF58DA91A17175B00FD13AC /* PatientXTests */ = {
			isa = PBXNativeTarget;
			buildConfigurationList = 1FF58DB71A17175B00FD13AC /* Build configuration list for PBXNativeTarget "PatientXTests" */;
			buildPhases = (
				1FF58DA61A17175B00FD13AC /* Sources */,
				1FF58DA71A17175B00FD13AC /* Frameworks */,
				1FF58DA81A17175B00FD13AC /* Resources */,
			);
			buildRules = (
			);
			dependencies = (
				1FF58DAC1A17175B00FD13AC /* PBXTargetDependency */,
			);
			name = PatientXTests;
			productName = PatientXTests;
			productReference = 1FF58DAA1A17175B00FD13AC /* PatientXTests.xctest */;
			productType = "com.apple.product-type.bundle.unit-test";
		};
/* End PBXNativeTarget section */

/* Begin PBXProject section */
		1FF58D861A17175A00FD13AC /* Project object */ = {
			isa = PBXProject;
			attributes = {
				LastUpgradeCheck = 0610;
				ORGANIZATIONNAME = Team4;
				TargetAttributes = {
					1FF58D8D1A17175A00FD13AC = {
						CreatedOnToolsVersion = 6.1;
					};
					1FF58DA91A17175B00FD13AC = {
						CreatedOnToolsVersion = 6.1;
						TestTargetID = 1FF58D8D1A17175A00FD13AC;
					};
				};
			};
			buildConfigurationList = 1FF58D891A17175A00FD13AC /* Build configuration list for PBXProject "PatientX" */;
			compatibilityVersion = "Xcode 3.2";
			developmentRegion = English;
			hasScannedForEncodings = 0;
			knownRegions = (
				en,
				Base,
			);
			mainGroup = 1FF58D851A17175A00FD13AC;
			productRefGroup = 1FF58D8F1A17175A00FD13AC /* Products */;
			projectDirPath = "";
			projectRoot = "";
			targets = (
				1FF58D8D1A17175A00FD13AC /* PatientX */,
				1FF58DA91A17175B00FD13AC /* PatientXTests */,
			);
		};
/* End PBXProject section */

/* Begin PBXResourcesBuildPhase section */
		1FF58D8C1A17175A00FD13AC /* Resources */ = {
			isa = PBXResourcesBuildPhase;
			buildActionMask = 2147483647;
			files = (
				1FF58DA01A17175B00FD13AC /* Main.storyboard in Resources */,
				1FF58DA51A17175B00FD13AC /* LaunchScreen.xib in Resources */,
				1FF58DA21A17175B00FD13AC /* Images.xcassets in Resources */,
			);
			runOnlyForDeploymentPostprocessing = 0;
		};
		1FF58DA81A17175B00FD13AC /* Resources */ = {
			isa = PBXResourcesBuildPhase;
			buildActionMask = 2147483647;
			files = (
			);
			runOnlyForDeploymentPostprocessing = 0;
		};
/* End PBXResourcesBuildPhase section */

/* Begin PBXSourcesBuildPhase section */
		1FF58D8A1A17175A00FD13AC /* Sources */ = {
			isa = PBXSourcesBuildPhase;
			buildActionMask = 2147483647;
			files = (
				1FF58D9D1A17175B00FD13AC /* SecondViewController.m in Sources */,
				1FF58DBC1A171AF700FD13AC /* ThirdViewController.m in Sources */,
				1FF58D971A17175B00FD13AC /* AppDelegate.m in Sources */,
				1FF58D9A1A17175B00FD13AC /* FirstViewController.m in Sources */,
				1FF58D941A17175A00FD13AC /* main.m in Sources */,
			);
			runOnlyForDeploymentPostprocessing = 0;
		};
		1FF58DA61A17175B00FD13AC /* Sources */ = {
			isa = PBXSourcesBuildPhase;
			buildActionMask = 2147483647;
			files = (
				1FF58DB11A17175B00FD13AC /* PatientXTests.m in Sources */,
			);
			runOnlyForDeploymentPostprocessing = 0;
		};
/* End PBXSourcesBuildPhase section */

/* Begin PBXTargetDependency section */
		1FF58DAC1A17175B00FD13AC /* PBXTargetDependency */ = {
			isa = PBXTargetDependency;
			target = 1FF58D8D1A17175A00FD13AC /* PatientX */;
			targetProxy = 1FF58DAB1A17175B00FD13AC /* PBXContainerItemProxy */;
		};
/* End PBXTargetDependency section */

/* Begin PBXVariantGroup section */
		1FF58D9E1A17175B00FD13AC /* Main.storyboard */ = {
			isa = PBXVariantGroup;
			children = (
				1FF58D9F1A17175B00FD13AC /* Base */,
			);
			name = Main.storyboard;
			sourceTree = "<group>";
		};
		1FF58DA31A17175B00FD13AC /* LaunchScreen.xib */ = {
			isa = PBXVariantGroup;
			children = (
				1FF58DA41A17175B00FD13AC /* Base */,
			);
			name = LaunchScreen.xib;
			sourceTree = "<group>";
		};
/* End PBXVariantGroup section */

/* Begin XCBuildConfiguration section */
		1FF58DB21A17175B00FD13AC /* Debug */ = {
			isa = XCBuildConfiguration;
			buildSettings = {
				ALWAYS_SEARCH_USER_PATHS = NO;
				CLANG_CXX_LANGUAGE_STANDARD = "gnu++0x";
				CLANG_CXX_LIBRARY = "libc++";
				CLANG_ENABLE_MODULES = YES;
				CLANG_ENABLE_OBJC_ARC = YES;
				CLANG_WARN_BOOL_CONVERSION = YES;
				CLANG_WARN_CONSTANT_CONVERSION = YES;
				CLANG_WARN_DIRECT_OBJC_ISA_USAGE = YES_ERROR;
				CLANG_WARN_EMPTY_BODY = YES;
				CLANG_WARN_ENUM_CONVERSION = YES;
				CLANG_WARN_INT_CONVERSION = YES;
				CLANG_WARN_OBJC_ROOT_CLASS = YES_ERROR;
				CLANG_WARN_UNREACHABLE_CODE = YES;
				CLANG_WARN__DUPLICATE_METHOD_MATCH = YES;
				"CODE_SIGN_IDENTITY[sdk=iphoneos*]" = "iPhone Developer";
				COPY_PHASE_STRIP = NO;
				ENABLE_STRICT_OBJC_MSGSEND = YES;
				GCC_C_LANGUAGE_STANDARD = gnu99;
				GCC_DYNAMIC_NO_PIC = NO;
				GCC_OPTIMIZATION_LEVEL = 0;
				GCC_PREPROCESSOR_DEFINITIONS = (
					"DEBUG=1",
					"$(inherited)",
				);
				GCC_SYMBOLS_PRIVATE_EXTERN = NO;
				GCC_WARN_64_TO_32_BIT_CONVERSION = YES;
				GCC_WARN_ABOUT_RETURN_TYPE = YES_ERROR;
				GCC_WARN_UNDECLARED_SELECTOR = YES;
				GCC_WARN_UNINITIALIZED_AUTOS = YES_AGGRESSIVE;
				GCC_WARN_UNUSED_FUNCTION = YES;
				GCC_WARN_UNUSED_VARIABLE = YES;
				IPHONEOS_DEPLOYMENT_TARGET = 8.1;
				MTL_ENABLE_DEBUG_INFO = YES;
				ONLY_ACTIVE_ARCH = YES;
				SDKROOT = iphoneos;
				TARGETED_DEVICE_FAMILY = "1,2";
			};
			name = Debug;
		};
		1FF58DB31A17175B00FD13AC /* Release */ = {
			isa = XCBuildConfiguration;
			buildSettings = {
				ALWAYS_SEARCH_USER_PATHS = NO;
				CLANG_CXX_LANGUAGE_STANDARD = "gnu++0x";
				CLANG_CXX_LIBRARY = "libc++";
				CLANG_ENABLE_MODULES = YES;
				CLANG_ENABLE_OBJC_ARC = YES;
				CLANG_WARN_BOOL_CONVERSION = YES;
				CLANG_WARN_CONSTANT_CONVERSION = YES;
				CLANG_WARN_DIRECT_OBJC_ISA_USAGE = YES_ERROR;
				CLANG_WARN_EMPTY_BODY = YES;
				CLANG_WARN_ENUM_CONVERSION = YES;
				CLANG_WARN_INT_CONVERSION = YES;
				CLANG_WARN_OBJC_ROOT_CLASS = YES_ERROR;
				CLANG_WARN_UNREACHABLE_CODE = YES;
				CLANG_WARN__DUPLICATE_METHOD_MATCH = YES;
				"CODE_SIGN_IDENTITY[sdk=iphoneos*]" = "iPhone Developer";
				COPY_PHASE_STRIP = YES;
				ENABLE_NS_ASSERTIONS = NO;
				ENABLE_STRICT_OBJC_MSGSEND = YES;
				GCC_C_LANGUAGE_STANDARD = gnu99;
				GCC_WARN_64_TO_32_BIT_CONVERSION = YES;
				GCC_WARN_ABOUT_RETURN_TYPE = YES_ERROR;
				GCC_WARN_UNDECLARED_SELECTOR = YES;
				GCC_WARN_UNINITIALIZED_AUTOS = YES_AGGRESSIVE;
				GCC_WARN_UNUSED_FUNCTION = YES;
				GCC_WARN_UNUSED_VARIABLE = YES;
				IPHONEOS_DEPLOYMENT_TARGET = 8.1;
				MTL_ENABLE_DEBUG_INFO = NO;
				SDKROOT = iphoneos;
				TARGETED_DEVICE_FAMILY = "1,2";
				VALIDATE_PRODUCT = YES;
			};
			name = Release;
		};
		1FF58DB51A17175B00FD13AC /* Debug */ = {
			isa = XCBuildConfiguration;
			buildSettings = {
				ASSETCATALOG_COMPILER_APPICON_NAME = AppIcon;
				INFOPLIST_FILE = PatientX/Info.plist;
				LD_RUNPATH_SEARCH_PATHS = "$(inherited) @executable_path/Frameworks";
				PRODUCT_NAME = "$(TARGET_NAME)";
			};
			name = Debug;
		};
		1FF58DB61A17175B00FD13AC /* Release */ = {
			isa = XCBuildConfiguration;
			buildSettings = {
				ASSETCATALOG_COMPILER_APPICON_NAME = AppIcon;
				INFOPLIST_FILE = PatientX/Info.plist;
				LD_RUNPATH_SEARCH_PATHS = "$(inherited) @executable_path/Frameworks";
				PRODUCT_NAME = "$(TARGET_NAME)";
			};
			name = Release;
		};
		1FF58DB81A17175B00FD13AC /* Debug */ = {
			isa = XCBuildConfiguration;
			buildSettings = {
				BUNDLE_LOADER = "$(TEST_HOST)";
				FRAMEWORK_SEARCH_PATHS = (
					"$(SDKROOT)/Developer/Library/Frameworks",
					"$(inherited)",
				);
				GCC_PREPROCESSOR_DEFINITIONS = (
					"DEBUG=1",
					"$(inherited)",
				);
				INFOPLIST_FILE = PatientXTests/Info.plist;
				LD_RUNPATH_SEARCH_PATHS = "$(inherited) @executable_path/Frameworks @loader_path/Frameworks";
				PRODUCT_NAME = "$(TARGET_NAME)";
				TEST_HOST = "$(BUILT_PRODUCTS_DIR)/PatientX.app/PatientX";
			};
			name = Debug;
		};
		1FF58DB91A17175B00FD13AC /* Release */ = {
			isa = XCBuildConfiguration;
			buildSettings = {
				BUNDLE_LOADER = "$(TEST_HOST)";
				FRAMEWORK_SEARCH_PATHS = (
					"$(SDKROOT)/Developer/Library/Frameworks",
					"$(inherited)",
				);
				INFOPLIST_FILE = PatientXTests/Info.plist;
				LD_RUNPATH_SEARCH_PATHS = "$(inherited) @executable_path/Frameworks @loader_path/Frameworks";
				PRODUCT_NAME = "$(TARGET_NAME)";
				TEST_HOST = "$(BUILT_PRODUCTS_DIR)/PatientX.app/PatientX";
			};
			name = Release;
		};
/* End XCBuildConfiguration section */

/* Begin XCConfigurationList section */
		1FF58D891A17175A00FD13AC /* Build configuration list for PBXProject "PatientX" */ = {
			isa = XCConfigurationList;
			buildConfigurations = (
				1FF58DB21A17175B00FD13AC /* Debug */,
				1FF58DB31A17175B00FD13AC /* Release */,
			);
			defaultConfigurationIsVisible = 0;
			defaultConfigurationName = Release;
		};
		1FF58DB41A17175B00FD13AC /* Build configuration list for PBXNativeTarget "PatientX" */ = {
			isa = XCConfigurationList;
			buildConfigurations = (
				1FF58DB51A17175B00FD13AC /* Debug */,
				1FF58DB61A17175B00FD13AC /* Release */,
			);
			defaultConfigurationIsVisible = 0;
		};
		1FF58DB71A17175B00FD13AC /* Build configuration list for PBXNativeTarget "PatientXTests" */ = {
			isa = XCConfigurationList;
			buildConfigurations = (
				1FF58DB81A17175B00FD13AC /* Debug */,
				1FF58DB91A17175B00FD13AC /* Release */,
			);
			defaultConfigurationIsVisible = 0;
		};
/* End XCConfigurationList section */
	};
	rootObject = 1FF58D861A17175A00FD13AC /* Project object */;
}
